
Microsoft Visual Studio Solution File, Format Version 12.00
# Visual Studio 14
VisualStudioVersion = 14.0.23107.0
MinimumVisualStudioVersion = 10.0.40219.1
Project("{FAE04EC0-301F-11D3-BF4B-00C04F79EFBC}") = "Base.Cache", "Base.Cache\Base.Cache.csproj", "{1AB90B89-1633-4C92-AC18-BF24807C5E01}"
EndProject
Project("{FAE04EC0-301F-11D3-BF4B-00C04F79EFBC}") = "Base.DataAccess", "Base.DataAccess\Base.DataAccess.csproj", "{D226C2D7-27A1-482D-9372-179A163A29F2}"
EndProject
Project("{FAE04EC0-301F-11D3-BF4B-00C04F79EFBC}") = "Base.Utility", "Base.Utility\Base.Utility.csproj", "{A332C08E-B0E2-4974-9240-EE7A52C67010}"
EndProject
Project("{FAE04EC0-301F-11D3-BF4B-00C04F79EFBC}") = "Sample", "Sample\Sample.csproj", "{3F3C1E02-1B9D-4AF1-BD28-40C269AE7494}"
EndProject
Project("{FAE04EC0-301F-11D3-BF4B-00C04F79EFBC}") = "Base.Sample.Host", "Base.Sample.Host\Base.Sample.Host.csproj", "{C5D3B000-8813-4182-B1BB-D8E56F75EA99}"
EndProject
Project("{FAE04EC0-301F-11D3-BF4B-00C04F79EFBC}") = "Base.Entity", "Base.Entity\Base.Entity.csproj", "{4B075025-DDAB-497E-88EC-BDAD284BEB8D}"
EndProject
Project("{FAE04EC0-301F-11D3-BF4B-00C04F79EFBC}") = "WcfServiceLibrary1", "WcfServiceLibrary1\WcfServiceLibrary1.csproj", "{8F15E4E0-7942-440F-9DFA-54CA1997179A}"
EndProject
Project("{FAE04EC0-301F-11D3-BF4B-00C04F79EFBC}") = "ConsoleApplication1", "ConsoleApplication1\ConsoleApplication1.csproj", "{D77620D9-B753-456C-ABFB-C38BD6719C78}"
EndProject
Project("{2150E333-8FDC-42A3-9474-1A3956D46DE8}") = "Example", "Example", "{5FE8B194-0C68-4E14-866F-E756D2F263FE}"
EndProject
Global
	GlobalSection(SolutionConfigurationPlatforms) = preSolution
		Debug|Any CPU = Debug|Any CPU
		Release|Any CPU = Release|Any CPU
	EndGlobalSection
	GlobalSection(ProjectConfigurationPlatforms) = postSolution
		{1AB90B89-1633-4C92-AC18-BF24807C5E01}.Debug|Any CPU.ActiveCfg = Debug|Any CPU
		{1AB90B89-1633-4C92-AC18-BF24807C5E01}.Debug|Any CPU.Build.0 = Debug|Any CPU
		{1AB90B89-1633-4C92-AC18-BF24807C5E01}.Release|Any CPU.ActiveCfg = Release|Any CPU
		{1AB90B89-1633-4C92-AC18-BF24807C5E01}.Release|Any CPU.Build.0 = Release|Any CPU
		{D226C2D7-27A1-482D-9372-179A163A29F2}.Debug|Any CPU.ActiveCfg = Debug|Any CPU
		{D226C2D7-27A1-482D-9372-179A163A29F2}.Debug|Any CPU.Build.0 = Debug|Any CPU
		{D226C2D7-27A1-482D-9372-179A163A29F2}.Release|Any CPU.ActiveCfg = Release|Any CPU
		{D226C2D7-27A1-482D-9372-179A163A29F2}.Release|Any CPU.Build.0 = Release|Any CPU
		{A332C08E-B0E2-4974-9240-EE7A52C67010}.Debug|Any CPU.ActiveCfg = Debug|Any CPU
		{A332C08E-B0E2-4974-9240-EE7A52C67010}.Debug|Any CPU.Build.0 = Debug|Any CPU
		{A332C08E-B0E2-4974-9240-EE7A52C67010}.Release|Any CPU.ActiveCfg = Release|Any CPU
		{A332C08E-B0E2-4974-9240-EE7A52C67010}.Release|Any CPU.Build.0 = Release|Any CPU
		{3F3C1E02-1B9D-4AF1-BD28-40C269AE7494}.Debug|Any CPU.ActiveCfg = Debug|Any CPU
		{3F3C1E02-1B9D-4AF1-BD28-40C269AE7494}.Debug|Any CPU.Build.0 = Debug|Any CPU
		{3F3C1E02-1B9D-4AF1-BD28-40C269AE7494}.Release|Any CPU.ActiveCfg = Release|Any CPU
		{3F3C1E02-1B9D-4AF1-BD28-40C269AE7494}.Release|Any CPU.Build.0 = Release|Any CPU
		{C5D3B000-8813-4182-B1BB-D8E56F75EA99}.Debug|Any CPU.ActiveCfg = Debug|Any CPU
		{C5D3B000-8813-4182-B1BB-D8E56F75EA99}.Debug|Any CPU.Build.0 = Debug|Any CPU
		{C5D3B000-8813-4182-B1BB-D8E56F75EA99}.Release|Any CPU.ActiveCfg = Release|Any CPU
		{C5D3B000-8813-4182-B1BB-D8E56F75EA99}.Release|Any CPU.Build.0 = Release|Any CPU
		{4B075025-DDAB-497E-88EC-BDAD284BEB8D}.Debug|Any CPU.ActiveCfg = Debug|Any CPU
		{4B075025-DDAB-497E-88EC-BDAD284BEB8D}.Debug|Any CPU.Build.0 = Debug|Any CPU
		{4B075025-DDAB-497E-88EC-BDAD284BEB8D}.Release|Any CPU.ActiveCfg = Release|Any CPU
		{4B075025-DDAB-497E-88EC-BDAD284BEB8D}.Release|Any CPU.Build.0 = Release|Any CPU
		{8F15E4E0-7942-440F-9DFA-54CA1997179A}.Debug|Any CPU.ActiveCfg = Debug|Any CPU
		{8F15E4E0-7942-440F-9DFA-54CA1997179A}.Debug|Any CPU.Build.0 = Debug|Any CPU
		{8F15E4E0-7942-440F-9DFA-54CA1997179A}.Release|Any CPU.ActiveCfg = Release|Any CPU
		{8F15E4E0-7942-440F-9DFA-54CA1997179A}.Release|Any CPU.Build.0 = Release|Any CPU
		{D77620D9-B753-456C-ABFB-C38BD6719C78}.Debug|Any CPU.ActiveCfg = Debug|Any CPU
		{D77620D9-B753-456C-ABFB-C38BD6719C78}.Debug|Any CPU.Build.0 = Debug|Any CPU
		{D77620D9-B753-456C-ABFB-C38BD6719C78}.Release|Any CPU.ActiveCfg = Release|Any CPU
		{D77620D9-B753-456C-ABFB-C38BD6719C78}.Release|Any CPU.Build.0 = Release|Any CPU
	EndGlobalSection
	GlobalSection(SolutionProperties) = preSolution
		HideSolutionNode = FALSE
	EndGlobalSection
	GlobalSection(NestedProjects) = preSolution
		{8F15E4E0-7942-440F-9DFA-54CA1997179A} = {5FE8B194-0C68-4E14-866F-E756D2F263FE}
		{D77620D9-B753-456C-ABFB-C38BD6719C78} = {5FE8B194-0C68-4E14-866F-E756D2F263FE}
	EndGlobalSection
EndGlobal
